{
  "name": "camellogistics",
  "version": "1.0.0",
  "lockfileVersion": 2,
  "requires": true,
  "packages": {
    "": {
      "name": "camellogistics",
      "version": "1.0.0",
      "license": "ISC",
      "dependencies": {
        "crypto-js": "^4.1.1",
        "fullpage.js": "^4.0.9",
        "push.js": "^1.0.12",
        "sweetalert2": "^11.4.17"
      }
    },
    "node_modules/crypto-js": {
      "version": "4.1.1",
      "resolved": "https://registry.npmjs.org/crypto-js/-/crypto-js-4.1.1.tgz",
      "integrity": "sha512-o2JlM7ydqd3Qk9CA0L4NL6mTzU2sdx96a+oOfPu8Mkl/PK51vSyoi8/rQ8NknZtk44vq15lmhAj9CIAGwgeWKw=="
    },
    "node_modules/fullpage.js": {
      "version": "4.0.9",
      "resolved": "https://registry.npmjs.org/fullpage.js/-/fullpage.js-4.0.9.tgz",
      "integrity": "sha512-/P9P8WqK5B1ZKGqT9PQmDdQY2xTg2lt3ersb+/X1kA47NlBakNyS/W4Zw9otW1loG2Or2OAh15VKaJVPsdMNVw=="
    },
    "node_modules/push.js": {
      "version": "1.0.12",
      "resolved": "https://registry.npmjs.org/push.js/-/push.js-1.0.12.tgz",
      "integrity": "sha512-Mo/zkrPD58hcbMvC/9WveUPGz0PJ4T5UwQJP6DnMYbyxe7b1xM/9qqmJTMmDcprbZjCtLzf9wWtek7gA8O9QBw=="
    },
    "node_modules/sweetalert2": {
      "version": "11.4.17",
      "resolved": "https://registry.npmjs.org/sweetalert2/-/sweetalert2-11.4.17.tgz",
      "integrity": "sha512-z0iQW5fDdvtoDNle3iHTKunsuNWgPaMifVu0GPtdguR0uVPrvg9gg9bnSQeJ4tx3C7FwJOEnRshxrs6fFItRvw==",
      "funding": {
        "type": "individual",
        "url": "https://sweetalert2.github.io/#donations"
      }
    }
  },
  "dependencies": {
    "crypto-js": {
      "version": "4.1.1",
      "resolved": "https://registry.npmjs.org/crypto-js/-/crypto-js-4.1.1.tgz",
      "integrity": "sha512-o2JlM7ydqd3Qk9CA0L4NL6mTzU2sdx96a+oOfPu8Mkl/PK51vSyoi8/rQ8NknZtk44vq15lmhAj9CIAGwgeWKw=="
    },
    "fullpage.js": {
      "version": "4.0.9",
      "resolved": "https://registry.npmjs.org/fullpage.js/-/fullpage.js-4.0.9.tgz",
      "integrity": "sha512-/P9P8WqK5B1ZKGqT9PQmDdQY2xTg2lt3ersb+/X1kA47NlBakNyS/W4Zw9otW1loG2Or2OAh15VKaJVPsdMNVw=="
    },
    "push.js": {
      "version": "1.0.12",
      "resolved": "https://registry.npmjs.org/push.js/-/push.js-1.0.12.tgz",
      "integrity": "sha512-Mo/zkrPD58hcbMvC/9WveUPGz0PJ4T5UwQJP6DnMYbyxe7b1xM/9qqmJTMmDcprbZjCtLzf9wWtek7gA8O9QBw=="
    },
    "sweetalert2": {
      "version": "11.4.17",
      "resolved": "https://registry.npmjs.org/sweetalert2/-/sweetalert2-11.4.17.tgz",
      "integrity": "sha512-z0iQW5fDdvtoDNle3iHTKunsuNWgPaMifVu0GPtdguR0uVPrvg9gg9bnSQeJ4tx3C7FwJOEnRshxrs6fFItRvw=="
    }
  }
}
